
Microsoft Visual Studio Solution File, Format Version 12.00
# Visual Studio Version 17
VisualStudioVersion = 17.11.35327.3
MinimumVisualStudioVersion = 10.0.40219.1
Project("{9A19103F-16F7-4668-BE54-9A1E7A4F7556}") = "COMPUESTOS_API_CS_SQL", "COMPUESTOS_API_CS_SQL.csproj", "{5811ECC2-493E-4915-A89C-3E3FFD70596D}"
EndProject
Global
	GlobalSection(SolutionConfigurationPlatforms) = preSolution
		Debug|Any CPU = Debug|Any CPU
		Release|Any CPU = Release|Any CPU
	EndGlobalSection
	GlobalSection(ProjectConfigurationPlatforms) = postSolution
		{5811ECC2-493E-4915-A89C-3E3FFD70596D}.Debug|Any CPU.ActiveCfg = Debug|Any CPU
		{5811ECC2-493E-4915-A89C-3E3FFD70596D}.Debug|Any CPU.Build.0 = Debug|Any CPU
		{5811ECC2-493E-4915-A89C-3E3FFD70596D}.Release|Any CPU.ActiveCfg = Release|Any CPU
		{5811ECC2-493E-4915-A89C-3E3FFD70596D}.Release|Any CPU.Build.0 = Release|Any CPU
	EndGlobalSection
	GlobalSection(SolutionProperties) = preSolution
		HideSolutionNode = FALSE
	EndGlobalSection
	GlobalSection(ExtensibilityGlobals) = postSolution
		SolutionGuid = {61856D1F-FD96-4D4E-8B25-FC99C1791BFF}
	EndGlobalSection
EndGlobal
